
Microsoft Visual Studio Solution File, Format Version 12.00
# Visual Studio Version 17
VisualStudioVersion = 17.0.31912.275
MinimumVisualStudioVersion = 10.0.40219.1
Project("{8BC9CEB8-8B4A-11D0-8D11-00A0C91BC942}") = "Ex.5", "Ex.5\Ex.5.vcxproj", "{FAFBFB26-5FA2-4184-899B-9D476C758550}"
EndProject
Global
	GlobalSection(SolutionConfigurationPlatforms) = preSolution
		Debug|x64 = Debug|x64
		Debug|x86 = Debug|x86
		Release|x64 = Release|x64
		Release|x86 = Release|x86
	EndGlobalSection
	GlobalSection(ProjectConfigurationPlatforms) = postSolution
		{FAFBFB26-5FA2-4184-899B-9D476C758550}.Debug|x64.ActiveCfg = Debug|x64
		{FAFBFB26-5FA2-4184-899B-9D476C758550}.Debug|x64.Build.0 = Debug|x64
		{FAFBFB26-5FA2-4184-899B-9D476C758550}.Debug|x86.ActiveCfg = Debug|Win32
		{FAFBFB26-5FA2-4184-899B-9D476C758550}.Debug|x86.Build.0 = Debug|Win32
		{FAFBFB26-5FA2-4184-899B-9D476C758550}.Release|x64.ActiveCfg = Release|x64
		{FAFBFB26-5FA2-4184-899B-9D476C758550}.Release|x64.Build.0 = Release|x64
		{FAFBFB26-5FA2-4184-899B-9D476C758550}.Release|x86.ActiveCfg = Release|Win32
		{FAFBFB26-5FA2-4184-899B-9D476C758550}.Release|x86.Build.0 = Release|Win32
	EndGlobalSection
	GlobalSection(SolutionProperties) = preSolution
		HideSolutionNode = FALSE
	EndGlobalSection
	GlobalSection(ExtensibilityGlobals) = postSolution
		SolutionGuid = {A7EAB59C-A708-45F1-AFE9-65E447287F10}
	EndGlobalSection
EndGlobal
