
Microsoft Visual Studio Solution File, Format Version 12.00
# Visual Studio Version 17
VisualStudioVersion = 17.0.31912.275
MinimumVisualStudioVersion = 10.0.40219.1
Project("{8BC9CEB8-8B4A-11D0-8D11-00A0C91BC942}") = "Ex.15", "Ex.15\Ex.15.vcxproj", "{B33CA3F9-2ADF-4337-B121-BF6C57AB36E6}"
EndProject
Global
	GlobalSection(SolutionConfigurationPlatforms) = preSolution
		Debug|x64 = Debug|x64
		Debug|x86 = Debug|x86
		Release|x64 = Release|x64
		Release|x86 = Release|x86
	EndGlobalSection
	GlobalSection(ProjectConfigurationPlatforms) = postSolution
		{B33CA3F9-2ADF-4337-B121-BF6C57AB36E6}.Debug|x64.ActiveCfg = Debug|x64
		{B33CA3F9-2ADF-4337-B121-BF6C57AB36E6}.Debug|x64.Build.0 = Debug|x64
		{B33CA3F9-2ADF-4337-B121-BF6C57AB36E6}.Debug|x86.ActiveCfg = Debug|Win32
		{B33CA3F9-2ADF-4337-B121-BF6C57AB36E6}.Debug|x86.Build.0 = Debug|Win32
		{B33CA3F9-2ADF-4337-B121-BF6C57AB36E6}.Release|x64.ActiveCfg = Release|x64
		{B33CA3F9-2ADF-4337-B121-BF6C57AB36E6}.Release|x64.Build.0 = Release|x64
		{B33CA3F9-2ADF-4337-B121-BF6C57AB36E6}.Release|x86.ActiveCfg = Release|Win32
		{B33CA3F9-2ADF-4337-B121-BF6C57AB36E6}.Release|x86.Build.0 = Release|Win32
	EndGlobalSection
	GlobalSection(SolutionProperties) = preSolution
		HideSolutionNode = FALSE
	EndGlobalSection
	GlobalSection(ExtensibilityGlobals) = postSolution
		SolutionGuid = {09F147C4-84BD-4AFE-A8D6-A66C259120B8}
	EndGlobalSection
EndGlobal
