
Microsoft Visual Studio Solution File, Format Version 12.00
# Visual Studio Version 17
VisualStudioVersion = 17.3.32819.101
MinimumVisualStudioVersion = 10.0.40219.1
Project("{8BC9CEB8-8B4A-11D0-8D11-00A0C91BC942}") = "ДЗ 22.03.2022 Строки продолжение", "ДЗ 22.03.2022 Строки продолжение\ДЗ 22.03.2022 Строки продолжение.vcxproj", "{A78D5154-17DB-4820-AEB3-FA21D07C2407}"
EndProject
Global
	GlobalSection(SolutionConfigurationPlatforms) = preSolution
		Debug|x64 = Debug|x64
		Debug|x86 = Debug|x86
		Release|x64 = Release|x64
		Release|x86 = Release|x86
	EndGlobalSection
	GlobalSection(ProjectConfigurationPlatforms) = postSolution
		{A78D5154-17DB-4820-AEB3-FA21D07C2407}.Debug|x64.ActiveCfg = Debug|x64
		{A78D5154-17DB-4820-AEB3-FA21D07C2407}.Debug|x64.Build.0 = Debug|x64
		{A78D5154-17DB-4820-AEB3-FA21D07C2407}.Debug|x86.ActiveCfg = Debug|Win32
		{A78D5154-17DB-4820-AEB3-FA21D07C2407}.Debug|x86.Build.0 = Debug|Win32
		{A78D5154-17DB-4820-AEB3-FA21D07C2407}.Release|x64.ActiveCfg = Release|x64
		{A78D5154-17DB-4820-AEB3-FA21D07C2407}.Release|x64.Build.0 = Release|x64
		{A78D5154-17DB-4820-AEB3-FA21D07C2407}.Release|x86.ActiveCfg = Release|Win32
		{A78D5154-17DB-4820-AEB3-FA21D07C2407}.Release|x86.Build.0 = Release|Win32
	EndGlobalSection
	GlobalSection(SolutionProperties) = preSolution
		HideSolutionNode = FALSE
	EndGlobalSection
	GlobalSection(ExtensibilityGlobals) = postSolution
		SolutionGuid = {FF820E5C-CFD2-4627-9317-E31E2BCB6806}
	EndGlobalSection
EndGlobal
